
Microsoft Visual Studio Solution File, Format Version 12.00
# Visual Studio Version 17
VisualStudioVersion = 17.4.33103.184
MinimumVisualStudioVersion = 10.0.40219.1
Project("{2150E333-8FDC-42A3-9474-1A3956D46DE8}") = "src", "src", "{D93ED188-9808-4EE7-A989-897DA66874C0}"
EndProject
Project("{2150E333-8FDC-42A3-9474-1A3956D46DE8}") = "test", "test", "{80D57FF3-F691-46C8-A6A7-461AE5D10DB9}"
EndProject
Project("{9A19103F-16F7-4668-BE54-9A1E7A4F7556}") = "Amendment.Web", "src\Amendment.Web\Amendment.Web.csproj", "{ECA93622-0AD0-43E5-8BCB-3B83B16649DD}"
EndProject
Project("{9A19103F-16F7-4668-BE54-9A1E7A4F7556}") = "Amendment.Model", "src\Amendment.Model\Amendment.Model.csproj", "{826530C2-F830-480C-8D38-23E30AE21E1E}"
EndProject
Project("{9A19103F-16F7-4668-BE54-9A1E7A4F7556}") = "Amendment.Service", "src\Amendment.Service\Amendment.Service.csproj", "{73D9177C-8B5C-4415-AE71-0028A0E05656}"
EndProject
Project("{9A19103F-16F7-4668-BE54-9A1E7A4F7556}") = "Amendment.Repository", "src\Amendment.Repository\Amendment.Repository.csproj", "{DA028E93-31C4-4363-994E-73C25AFAC7A0}"
EndProject
Project("{2150E333-8FDC-42A3-9474-1A3956D46DE8}") = "Solution Items", "Solution Items", "{AC590BD5-4BCE-4E1C-B87D-F5B3B1FB52DA}"
	ProjectSection(SolutionItems) = preProject
		package.json = package.json
		README.md = README.md
	EndProjectSection
EndProject
Project("{9A19103F-16F7-4668-BE54-9A1E7A4F7556}") = "Amendment.Server", "src\Amendment.Server\Amendment.Server.csproj", "{3F475F20-817E-43C1-BAB3-49436C935A9C}"
EndProject
Project("{9A19103F-16F7-4668-BE54-9A1E7A4F7556}") = "Amendment.Client", "src\Amendment.Client\Amendment.Client.csproj", "{AC3F57E1-4B0E-43C5-AD48-5978F51B3FD1}"
EndProject
Project("{9A19103F-16F7-4668-BE54-9A1E7A4F7556}") = "Amendment.Shared", "src\Amendment.Shared\Amendment.Shared.csproj", "{1FD2AD03-284B-4150-B26A-0562B6BCF61C}"
EndProject
Project("{9A19103F-16F7-4668-BE54-9A1E7A4F7556}") = "Amendment.Server.Tests", "test\Amendment.Server.Tests\Amendment.Server.Tests.csproj", "{893201C5-258C-4B74-9AD8-98357E42C066}"
EndProject
Project("{9A19103F-16F7-4668-BE54-9A1E7A4F7556}") = "Amendment.Server.Mediator", "src\Amendment.Server.Handlers\Amendment.Server.Mediator.csproj", "{15C1124C-DC5B-4109-97B3-55FE1682C7CA}"
EndProject
Global
	GlobalSection(SolutionConfigurationPlatforms) = preSolution
		Debug|Any CPU = Debug|Any CPU
		Release|Any CPU = Release|Any CPU
	EndGlobalSection
	GlobalSection(ProjectConfigurationPlatforms) = postSolution
		{ECA93622-0AD0-43E5-8BCB-3B83B16649DD}.Debug|Any CPU.ActiveCfg = Debug|Any CPU
		{ECA93622-0AD0-43E5-8BCB-3B83B16649DD}.Debug|Any CPU.Build.0 = Debug|Any CPU
		{ECA93622-0AD0-43E5-8BCB-3B83B16649DD}.Release|Any CPU.ActiveCfg = Release|Any CPU
		{ECA93622-0AD0-43E5-8BCB-3B83B16649DD}.Release|Any CPU.Build.0 = Release|Any CPU
		{826530C2-F830-480C-8D38-23E30AE21E1E}.Debug|Any CPU.ActiveCfg = Debug|Any CPU
		{826530C2-F830-480C-8D38-23E30AE21E1E}.Debug|Any CPU.Build.0 = Debug|Any CPU
		{826530C2-F830-480C-8D38-23E30AE21E1E}.Release|Any CPU.ActiveCfg = Release|Any CPU
		{826530C2-F830-480C-8D38-23E30AE21E1E}.Release|Any CPU.Build.0 = Release|Any CPU
		{73D9177C-8B5C-4415-AE71-0028A0E05656}.Debug|Any CPU.ActiveCfg = Debug|Any CPU
		{73D9177C-8B5C-4415-AE71-0028A0E05656}.Debug|Any CPU.Build.0 = Debug|Any CPU
		{73D9177C-8B5C-4415-AE71-0028A0E05656}.Release|Any CPU.ActiveCfg = Release|Any CPU
		{73D9177C-8B5C-4415-AE71-0028A0E05656}.Release|Any CPU.Build.0 = Release|Any CPU
		{DA028E93-31C4-4363-994E-73C25AFAC7A0}.Debug|Any CPU.ActiveCfg = Debug|Any CPU
		{DA028E93-31C4-4363-994E-73C25AFAC7A0}.Debug|Any CPU.Build.0 = Debug|Any CPU
		{DA028E93-31C4-4363-994E-73C25AFAC7A0}.Release|Any CPU.ActiveCfg = Release|Any CPU
		{DA028E93-31C4-4363-994E-73C25AFAC7A0}.Release|Any CPU.Build.0 = Release|Any CPU
		{3F475F20-817E-43C1-BAB3-49436C935A9C}.Debug|Any CPU.ActiveCfg = Debug|Any CPU
		{3F475F20-817E-43C1-BAB3-49436C935A9C}.Debug|Any CPU.Build.0 = Debug|Any CPU
		{3F475F20-817E-43C1-BAB3-49436C935A9C}.Release|Any CPU.ActiveCfg = Release|Any CPU
		{3F475F20-817E-43C1-BAB3-49436C935A9C}.Release|Any CPU.Build.0 = Release|Any CPU
		{AC3F57E1-4B0E-43C5-AD48-5978F51B3FD1}.Debug|Any CPU.ActiveCfg = Debug|Any CPU
		{AC3F57E1-4B0E-43C5-AD48-5978F51B3FD1}.Debug|Any CPU.Build.0 = Debug|Any CPU
		{AC3F57E1-4B0E-43C5-AD48-5978F51B3FD1}.Release|Any CPU.ActiveCfg = Release|Any CPU
		{AC3F57E1-4B0E-43C5-AD48-5978F51B3FD1}.Release|Any CPU.Build.0 = Release|Any CPU
		{1FD2AD03-284B-4150-B26A-0562B6BCF61C}.Debug|Any CPU.ActiveCfg = Debug|Any CPU
		{1FD2AD03-284B-4150-B26A-0562B6BCF61C}.Debug|Any CPU.Build.0 = Debug|Any CPU
		{1FD2AD03-284B-4150-B26A-0562B6BCF61C}.Release|Any CPU.ActiveCfg = Release|Any CPU
		{1FD2AD03-284B-4150-B26A-0562B6BCF61C}.Release|Any CPU.Build.0 = Release|Any CPU
		{893201C5-258C-4B74-9AD8-98357E42C066}.Debug|Any CPU.ActiveCfg = Debug|Any CPU
		{893201C5-258C-4B74-9AD8-98357E42C066}.Debug|Any CPU.Build.0 = Debug|Any CPU
		{893201C5-258C-4B74-9AD8-98357E42C066}.Release|Any CPU.ActiveCfg = Release|Any CPU
		{893201C5-258C-4B74-9AD8-98357E42C066}.Release|Any CPU.Build.0 = Release|Any CPU
		{15C1124C-DC5B-4109-97B3-55FE1682C7CA}.Debug|Any CPU.ActiveCfg = Debug|Any CPU
		{15C1124C-DC5B-4109-97B3-55FE1682C7CA}.Debug|Any CPU.Build.0 = Debug|Any CPU
		{15C1124C-DC5B-4109-97B3-55FE1682C7CA}.Release|Any CPU.ActiveCfg = Release|Any CPU
		{15C1124C-DC5B-4109-97B3-55FE1682C7CA}.Release|Any CPU.Build.0 = Release|Any CPU
	EndGlobalSection
	GlobalSection(SolutionProperties) = preSolution
		HideSolutionNode = FALSE
	EndGlobalSection
	GlobalSection(NestedProjects) = preSolution
		{ECA93622-0AD0-43E5-8BCB-3B83B16649DD} = {D93ED188-9808-4EE7-A989-897DA66874C0}
		{826530C2-F830-480C-8D38-23E30AE21E1E} = {D93ED188-9808-4EE7-A989-897DA66874C0}
		{73D9177C-8B5C-4415-AE71-0028A0E05656} = {D93ED188-9808-4EE7-A989-897DA66874C0}
		{DA028E93-31C4-4363-994E-73C25AFAC7A0} = {D93ED188-9808-4EE7-A989-897DA66874C0}
		{3F475F20-817E-43C1-BAB3-49436C935A9C} = {D93ED188-9808-4EE7-A989-897DA66874C0}
		{AC3F57E1-4B0E-43C5-AD48-5978F51B3FD1} = {D93ED188-9808-4EE7-A989-897DA66874C0}
		{1FD2AD03-284B-4150-B26A-0562B6BCF61C} = {D93ED188-9808-4EE7-A989-897DA66874C0}
		{893201C5-258C-4B74-9AD8-98357E42C066} = {80D57FF3-F691-46C8-A6A7-461AE5D10DB9}
		{15C1124C-DC5B-4109-97B3-55FE1682C7CA} = {D93ED188-9808-4EE7-A989-897DA66874C0}
	EndGlobalSection
	GlobalSection(ExtensibilityGlobals) = postSolution
		SolutionGuid = {F8D34C5C-B2DB-4944-80C1-7E37DC315399}
	EndGlobalSection
EndGlobal
