
Microsoft Visual Studio Solution File, Format Version 12.00
# Visual Studio 15
VisualStudioVersion = 15.0.27703.2042
MinimumVisualStudioVersion = 10.0.40219.1
Project("{2150E333-8FDC-42A3-9474-1A3956D46DE8}") = "src", "src", "{D93ED188-9808-4EE7-A989-897DA66874C0}"
EndProject
Project("{2150E333-8FDC-42A3-9474-1A3956D46DE8}") = "test", "test", "{80D57FF3-F691-46C8-A6A7-461AE5D10DB9}"
EndProject
Project("{FAE04EC0-301F-11D3-BF4B-00C04F79EFBC}") = "Amendment.Web", "src\Amendment.Web\Amendment.Web.csproj", "{ECA93622-0AD0-43E5-8BCB-3B83B16649DD}"
EndProject
Project("{FAE04EC0-301F-11D3-BF4B-00C04F79EFBC}") = "Amendment.Model", "src\Amendment.Model\Amendment.Model.csproj", "{826530C2-F830-480C-8D38-23E30AE21E1E}"
EndProject
Project("{FAE04EC0-301F-11D3-BF4B-00C04F79EFBC}") = "Amendment.Service", "src\Amendment.Service\Amendment.Service.csproj", "{73D9177C-8B5C-4415-AE71-0028A0E05656}"
EndProject
Project("{FAE04EC0-301F-11D3-BF4B-00C04F79EFBC}") = "Amendment.Repository", "src\Amendment.Repository\Amendment.Repository.csproj", "{DA028E93-31C4-4363-994E-73C25AFAC7A0}"
EndProject
Global
	GlobalSection(SolutionConfigurationPlatforms) = preSolution
		Debug|Any CPU = Debug|Any CPU
		Release|Any CPU = Release|Any CPU
	EndGlobalSection
	GlobalSection(ProjectConfigurationPlatforms) = postSolution
		{ECA93622-0AD0-43E5-8BCB-3B83B16649DD}.Debug|Any CPU.ActiveCfg = Debug|Any CPU
		{ECA93622-0AD0-43E5-8BCB-3B83B16649DD}.Debug|Any CPU.Build.0 = Debug|Any CPU
		{ECA93622-0AD0-43E5-8BCB-3B83B16649DD}.Release|Any CPU.ActiveCfg = Release|Any CPU
		{ECA93622-0AD0-43E5-8BCB-3B83B16649DD}.Release|Any CPU.Build.0 = Release|Any CPU
		{826530C2-F830-480C-8D38-23E30AE21E1E}.Debug|Any CPU.ActiveCfg = Debug|Any CPU
		{826530C2-F830-480C-8D38-23E30AE21E1E}.Debug|Any CPU.Build.0 = Debug|Any CPU
		{826530C2-F830-480C-8D38-23E30AE21E1E}.Release|Any CPU.ActiveCfg = Release|Any CPU
		{826530C2-F830-480C-8D38-23E30AE21E1E}.Release|Any CPU.Build.0 = Release|Any CPU
		{73D9177C-8B5C-4415-AE71-0028A0E05656}.Debug|Any CPU.ActiveCfg = Debug|Any CPU
		{73D9177C-8B5C-4415-AE71-0028A0E05656}.Debug|Any CPU.Build.0 = Debug|Any CPU
		{73D9177C-8B5C-4415-AE71-0028A0E05656}.Release|Any CPU.ActiveCfg = Release|Any CPU
		{73D9177C-8B5C-4415-AE71-0028A0E05656}.Release|Any CPU.Build.0 = Release|Any CPU
		{DA028E93-31C4-4363-994E-73C25AFAC7A0}.Debug|Any CPU.ActiveCfg = Debug|Any CPU
		{DA028E93-31C4-4363-994E-73C25AFAC7A0}.Debug|Any CPU.Build.0 = Debug|Any CPU
		{DA028E93-31C4-4363-994E-73C25AFAC7A0}.Release|Any CPU.ActiveCfg = Release|Any CPU
		{DA028E93-31C4-4363-994E-73C25AFAC7A0}.Release|Any CPU.Build.0 = Release|Any CPU
	EndGlobalSection
	GlobalSection(SolutionProperties) = preSolution
		HideSolutionNode = FALSE
	EndGlobalSection
	GlobalSection(NestedProjects) = preSolution
		{ECA93622-0AD0-43E5-8BCB-3B83B16649DD} = {D93ED188-9808-4EE7-A989-897DA66874C0}
		{826530C2-F830-480C-8D38-23E30AE21E1E} = {D93ED188-9808-4EE7-A989-897DA66874C0}
		{73D9177C-8B5C-4415-AE71-0028A0E05656} = {D93ED188-9808-4EE7-A989-897DA66874C0}
		{DA028E93-31C4-4363-994E-73C25AFAC7A0} = {D93ED188-9808-4EE7-A989-897DA66874C0}
	EndGlobalSection
	GlobalSection(ExtensibilityGlobals) = postSolution
		SolutionGuid = {F8D34C5C-B2DB-4944-80C1-7E37DC315399}
	EndGlobalSection
EndGlobal
